// !$*UTF8*$!
{
	archiveVersion = 1;
	classes = {
	};
	objectVersion = 56;
	objects = {

/* Begin PBXBuildFile section */
		3B04C5DE2DCB289400E7C7D2 /* TaskEntity.swift in Sources */ = {isa = PBXBuildFile; fileRef = 3B04C5DD2DCB289400E7C7D2 /* TaskEntity.swift */; };
		3B04C5E02DCB293000E7C7D2 /* TaskDTO.swift in Sources */ = {isa = PBXBuildFile; fileRef = 3B04C5DF2DCB293000E7C7D2 /* TaskDTO.swift */; };
		3B2B5D432DCD0BB5005EADC4 /* AddUserToGroupUseCase.swift in Sources */ = {isa = PBXBuildFile; fileRef = 3B87851F2DCD0976004C8D77 /* AddUserToGroupUseCase.swift */; };
		3B2B5D452DCD0C18005EADC4 /* CreateOrUpdateUserUseCase.swift in Sources */ = {isa = PBXBuildFile; fileRef = 3B2B5D442DCD0C18005EADC4 /* CreateOrUpdateUserUseCase.swift */; };
		3B2B5D482DCD1362005EADC4 /* AddUserToGroupUseCaseTests.swift in Sources */ = {isa = PBXBuildFile; fileRef = 3B2B5D472DCD1362005EADC4 /* AddUserToGroupUseCaseTests.swift */; };
		3B2DF3E22C78755D00541D3E /* FirebaseAuth in Frameworks */ = {isa = PBXBuildFile; productRef = 3B2DF3E12C78755D00541D3E /* FirebaseAuth */; };
		3B2DF3E42C78756A00541D3E /* FirebaseStorage in Frameworks */ = {isa = PBXBuildFile; productRef = 3B2DF3E32C78756A00541D3E /* FirebaseStorage */; };
		3B2DF3E62C78757100541D3E /* FirebaseFirestore in Frameworks */ = {isa = PBXBuildFile; productRef = 3B2DF3E52C78757100541D3E /* FirebaseFirestore */; };
		3B2DF3F92C7896ED00541D3E /* TodoListViewModel.swift in Sources */ = {isa = PBXBuildFile; fileRef = 3B2DF3F82C7896ED00541D3E /* TodoListViewModel.swift */; };
		3B2DF3FD2C7897F900541D3E /* MainView.swift in Sources */ = {isa = PBXBuildFile; fileRef = 3B2DF3FC2C7897F900541D3E /* MainView.swift */; };
		3B4B6CF02DCB57BA00396587 /* AddTaskUseCaseTests.swift in Sources */ = {isa = PBXBuildFile; fileRef = 3B4B6CEF2DCB57BA00396587 /* AddTaskUseCaseTests.swift */; };
		3B4B6CF92DCB693000396587 /* TaskRepositoryMock.swift in Sources */ = {isa = PBXBuildFile; fileRef = 3B4B6CF82DCB693000396587 /* TaskRepositoryMock.swift */; };
		3B4B6CFB2DCB6C9400396587 /* CompleteTaskUseCaseTests.swift in Sources */ = {isa = PBXBuildFile; fileRef = 3B4B6CFA2DCB6C9400396587 /* CompleteTaskUseCaseTests.swift */; };
		3B7EB2622C78715C001A87C1 /* _PeopleTodoApp.swift in Sources */ = {isa = PBXBuildFile; fileRef = 3B7EB2612C78715C001A87C1 /* _PeopleTodoApp.swift */; };
		3B7EB2642C78715C001A87C1 /* ContentView.swift in Sources */ = {isa = PBXBuildFile; fileRef = 3B7EB2632C78715C001A87C1 /* ContentView.swift */; };
		3B7EB2662C78715E001A87C1 /* Assets.xcassets in Resources */ = {isa = PBXBuildFile; fileRef = 3B7EB2652C78715E001A87C1 /* Assets.xcassets */; };
		3B7EB2692C78715E001A87C1 /* Preview Assets.xcassets in Resources */ = {isa = PBXBuildFile; fileRef = 3B7EB2682C78715E001A87C1 /* Preview Assets.xcassets */; };
		3B7EB2742C78732A001A87C1 /* GoogleService-Info.plist in Resources */ = {isa = PBXBuildFile; fileRef = 3B7EB2732C78732A001A87C1 /* GoogleService-Info.plist */; };
		3B8785072DCCEFBA004C8D77 /* SignInAnonymouslyUseCase.swift in Sources */ = {isa = PBXBuildFile; fileRef = 3B8785062DCCEFBA004C8D77 /* SignInAnonymouslyUseCase.swift */; };
		3B8785092DCCF01B004C8D77 /* JoinOrCreateGroupUseCase.swift in Sources */ = {isa = PBXBuildFile; fileRef = 3B8785082DCCF01B004C8D77 /* JoinOrCreateGroupUseCase.swift */; };
		3B87850B2DCCF595004C8D77 /* AuthViewModel.swift in Sources */ = {isa = PBXBuildFile; fileRef = 3B87850A2DCCF595004C8D77 /* AuthViewModel.swift */; };
		3B87850D2DCCF955004C8D77 /* AuthenticationView.swift in Sources */ = {isa = PBXBuildFile; fileRef = 3B87850C2DCCF955004C8D77 /* AuthenticationView.swift */; };
		3B8785102DCCFF9A004C8D77 /* GroupRepositoryProtocol.swift in Sources */ = {isa = PBXBuildFile; fileRef = 3B87850F2DCCFF9A004C8D77 /* GroupRepositoryProtocol.swift */; };
		3B8785132DCD0110004C8D77 /* CheckUserExistsUseCase.swift in Sources */ = {isa = PBXBuildFile; fileRef = 3B8785122DCD0110004C8D77 /* CheckUserExistsUseCase.swift */; };
		3B87851B2DCD0594004C8D77 /* GroupRepositoryMock.swift in Sources */ = {isa = PBXBuildFile; fileRef = 3B87851A2DCD0594004C8D77 /* GroupRepositoryMock.swift */; };
		3BCC3E042DCA3BB4005D9625 /* TaskRepository.swift in Sources */ = {isa = PBXBuildFile; fileRef = 3BCC3E032DCA3BB4005D9625 /* TaskRepository.swift */; };
		3BCC3E062DCA3FE6005D9625 /* TaskRepositoryProtocol.swift in Sources */ = {isa = PBXBuildFile; fileRef = 3BCC3E052DCA3FE6005D9625 /* TaskRepositoryProtocol.swift */; };
		3BCC3E092DCB2225005D9625 /* FetchTasksUseCase.swift in Sources */ = {isa = PBXBuildFile; fileRef = 3BCC3E082DCB2225005D9625 /* FetchTasksUseCase.swift */; };
		3BCC3E0B2DCB2237005D9625 /* AddTaskUseCase.swift in Sources */ = {isa = PBXBuildFile; fileRef = 3BCC3E0A2DCB2237005D9625 /* AddTaskUseCase.swift */; };
		3BCC3E0D2DCB2246005D9625 /* CompleteTaskUseCase.swift in Sources */ = {isa = PBXBuildFile; fileRef = 3BCC3E0C2DCB2246005D9625 /* CompleteTaskUseCase.swift */; };
		3BCC62FB2DCD9AAB00F3618C /* TrackingAuthorizationUseCaseMock.swift in Sources */ = {isa = PBXBuildFile; fileRef = 3BCC62FA2DCD9AAB00F3618C /* TrackingAuthorizationUseCaseMock.swift */; };
		3BCC62FD2DCD9AD900F3618C /* TrackingAuthorizationViewModelTests.swift in Sources */ = {isa = PBXBuildFile; fileRef = 3BCC62FC2DCD9AD800F3618C /* TrackingAuthorizationViewModelTests.swift */; };
		3BCC63062DCDCC8500F3618C /* CompletedTasksUseCase.swift in Sources */ = {isa = PBXBuildFile; fileRef = 3BCC63042DCDCC4100F3618C /* CompletedTasksUseCase.swift */; };
		3BCC63072DCDCC8900F3618C /* CompletedTasksUseCaseProtocol.swift in Sources */ = {isa = PBXBuildFile; fileRef = 3BCC63022DCDCC2600F3618C /* CompletedTasksUseCaseProtocol.swift */; };
		3BCC63082DCDCC8C00F3618C /* CompletedTasksView.swift in Sources */ = {isa = PBXBuildFile; fileRef = 3BCC63002DCDC87E00F3618C /* CompletedTasksView.swift */; };
		3BCC63092DCDCC9000F3618C /* CompletedTasksViewModel.swift in Sources */ = {isa = PBXBuildFile; fileRef = 3BCC62FE2DCDC86600F3618C /* CompletedTasksViewModel.swift */; };
		3BCC630C2DCDFA7000F3618C /* TodoListView.swift in Sources */ = {isa = PBXBuildFile; fileRef = 3BCC630A2DCDFA4B00F3618C /* TodoListView.swift */; };
		3BE503F72DCB274000F28B4C /* DeleteTaskUseCase.swift in Sources */ = {isa = PBXBuildFile; fileRef = 3BE503F62DCB274000F28B4C /* DeleteTaskUseCase.swift */; };
		3BE7E2D12DCD141800B33435 /* CreateOrUpdateUserUseCaseTests.swift in Sources */ = {isa = PBXBuildFile; fileRef = 3BE7E2D02DCD141800B33435 /* CreateOrUpdateUserUseCaseTests.swift */; };
		3BE7E2D72DCD98E400B33435 /* TrackingAuthorizationViewModel.swift in Sources */ = {isa = PBXBuildFile; fileRef = 3BE7E2D62DCD98E400B33435 /* TrackingAuthorizationViewModel.swift */; };
		3BE7E2D92DCD992A00B33435 /* TrackingAuthorizationUseCase.swift in Sources */ = {isa = PBXBuildFile; fileRef = 3BE7E2D82DCD992A00B33435 /* TrackingAuthorizationUseCase.swift */; };
		3BE7E2DB2DCD994200B33435 /* TrackingAuthorizationUseCaseProtocol.swift in Sources */ = {isa = PBXBuildFile; fileRef = 3BE7E2DA2DCD994200B33435 /* TrackingAuthorizationUseCaseProtocol.swift */; };
		3BFD04C12DCB769600F11E5A /* FirebaseAuthService.swift in Sources */ = {isa = PBXBuildFile; fileRef = 3BFD04C02DCB769600F11E5A /* FirebaseAuthService.swift */; };
		3BFD04C32DCB874C00F11E5A /* GroupRepository.swift in Sources */ = {isa = PBXBuildFile; fileRef = 3BFD04C22DCB874C00F11E5A /* GroupRepository.swift */; };
/* End PBXBuildFile section */

/* Begin PBXContainerItemProxy section */
		3B4B6CF12DCB57BA00396587 /* PBXContainerItemProxy */ = {
			isa = PBXContainerItemProxy;
			containerPortal = 3B7EB2562C78715C001A87C1 /* Project object */;
			proxyType = 1;
			remoteGlobalIDString = 3B7EB25D2C78715C001A87C1;
			remoteInfo = PeopleTodo;
		};
/* End PBXContainerItemProxy section */

/* Begin PBXFileReference section */
		3B04C5DD2DCB289400E7C7D2 /* TaskEntity.swift */ = {isa = PBXFileReference; lastKnownFileType = sourcecode.swift; path = TaskEntity.swift; sourceTree = "<group>"; };
		3B04C5DF2DCB293000E7C7D2 /* TaskDTO.swift */ = {isa = PBXFileReference; lastKnownFileType = sourcecode.swift; path = TaskDTO.swift; sourceTree = "<group>"; };
		3B2B5D442DCD0C18005EADC4 /* CreateOrUpdateUserUseCase.swift */ = {isa = PBXFileReference; lastKnownFileType = sourcecode.swift; path = CreateOrUpdateUserUseCase.swift; sourceTree = "<group>"; };
		3B2B5D472DCD1362005EADC4 /* AddUserToGroupUseCaseTests.swift */ = {isa = PBXFileReference; lastKnownFileType = sourcecode.swift; path = AddUserToGroupUseCaseTests.swift; sourceTree = "<group>"; };
		3B2DF3F82C7896ED00541D3E /* TodoListViewModel.swift */ = {isa = PBXFileReference; lastKnownFileType = sourcecode.swift; path = TodoListViewModel.swift; sourceTree = "<group>"; };
		3B2DF3FC2C7897F900541D3E /* MainView.swift */ = {isa = PBXFileReference; lastKnownFileType = sourcecode.swift; path = MainView.swift; sourceTree = "<group>"; };
		3B2DF3FE2C79BC7C00541D3E /* PeopleTodo-Info.plist */ = {isa = PBXFileReference; lastKnownFileType = text.plist; path = "PeopleTodo-Info.plist"; sourceTree = "<group>"; };
		3B4B6CED2DCB57BA00396587 /* PeopleTodoTests.xctest */ = {isa = PBXFileReference; explicitFileType = wrapper.cfbundle; includeInIndex = 0; path = PeopleTodoTests.xctest; sourceTree = BUILT_PRODUCTS_DIR; };
		3B4B6CEF2DCB57BA00396587 /* AddTaskUseCaseTests.swift */ = {isa = PBXFileReference; lastKnownFileType = sourcecode.swift; path = AddTaskUseCaseTests.swift; sourceTree = "<group>"; };
		3B4B6CF82DCB693000396587 /* TaskRepositoryMock.swift */ = {isa = PBXFileReference; lastKnownFileType = sourcecode.swift; path = TaskRepositoryMock.swift; sourceTree = "<group>"; };
		3B4B6CFA2DCB6C9400396587 /* CompleteTaskUseCaseTests.swift */ = {isa = PBXFileReference; lastKnownFileType = sourcecode.swift; path = CompleteTaskUseCaseTests.swift; sourceTree = "<group>"; };
		3B4C60A52C82CA21006219DB /* PeopleTodo.entitlements */ = {isa = PBXFileReference; lastKnownFileType = text.plist.entitlements; path = PeopleTodo.entitlements; sourceTree = "<group>"; };
		3B7EB25E2C78715C001A87C1 /* PeopleTodo.app */ = {isa = PBXFileReference; explicitFileType = wrapper.application; includeInIndex = 0; path = PeopleTodo.app; sourceTree = BUILT_PRODUCTS_DIR; };
		3B7EB2612C78715C001A87C1 /* _PeopleTodoApp.swift */ = {isa = PBXFileReference; lastKnownFileType = sourcecode.swift; path = _PeopleTodoApp.swift; sourceTree = "<group>"; };
		3B7EB2632C78715C001A87C1 /* ContentView.swift */ = {isa = PBXFileReference; lastKnownFileType = sourcecode.swift; path = ContentView.swift; sourceTree = "<group>"; };
		3B7EB2652C78715E001A87C1 /* Assets.xcassets */ = {isa = PBXFileReference; lastKnownFileType = folder.assetcatalog; path = Assets.xcassets; sourceTree = "<group>"; };
		3B7EB2682C78715E001A87C1 /* Preview Assets.xcassets */ = {isa = PBXFileReference; lastKnownFileType = folder.assetcatalog; path = "Preview Assets.xcassets"; sourceTree = "<group>"; };
		3B7EB2732C78732A001A87C1 /* GoogleService-Info.plist */ = {isa = PBXFileReference; fileEncoding = 4; lastKnownFileType = text.plist.xml; path = "GoogleService-Info.plist"; sourceTree = "<group>"; };
		3B8785062DCCEFBA004C8D77 /* SignInAnonymouslyUseCase.swift */ = {isa = PBXFileReference; lastKnownFileType = sourcecode.swift; path = SignInAnonymouslyUseCase.swift; sourceTree = "<group>"; };
		3B8785082DCCF01B004C8D77 /* JoinOrCreateGroupUseCase.swift */ = {isa = PBXFileReference; lastKnownFileType = sourcecode.swift; path = JoinOrCreateGroupUseCase.swift; sourceTree = "<group>"; };
		3B87850A2DCCF595004C8D77 /* AuthViewModel.swift */ = {isa = PBXFileReference; lastKnownFileType = sourcecode.swift; path = AuthViewModel.swift; sourceTree = "<group>"; };
		3B87850C2DCCF955004C8D77 /* AuthenticationView.swift */ = {isa = PBXFileReference; fileEncoding = 4; lastKnownFileType = sourcecode.swift; name = AuthenticationView.swift; path = 2PeopleTodo/Presentation/View/AuthenticationView.swift; sourceTree = SOURCE_ROOT; };
		3B87850F2DCCFF9A004C8D77 /* GroupRepositoryProtocol.swift */ = {isa = PBXFileReference; lastKnownFileType = sourcecode.swift; path = GroupRepositoryProtocol.swift; sourceTree = "<group>"; };
		3B8785122DCD0110004C8D77 /* CheckUserExistsUseCase.swift */ = {isa = PBXFileReference; lastKnownFileType = sourcecode.swift; path = CheckUserExistsUseCase.swift; sourceTree = "<group>"; };
		3B87851A2DCD0594004C8D77 /* GroupRepositoryMock.swift */ = {isa = PBXFileReference; lastKnownFileType = sourcecode.swift; path = GroupRepositoryMock.swift; sourceTree = "<group>"; };
		3B87851F2DCD0976004C8D77 /* AddUserToGroupUseCase.swift */ = {isa = PBXFileReference; lastKnownFileType = sourcecode.swift; path = AddUserToGroupUseCase.swift; sourceTree = "<group>"; };
		3BCC3E032DCA3BB4005D9625 /* TaskRepository.swift */ = {isa = PBXFileReference; lastKnownFileType = sourcecode.swift; path = TaskRepository.swift; sourceTree = "<group>"; };
		3BCC3E052DCA3FE6005D9625 /* TaskRepositoryProtocol.swift */ = {isa = PBXFileReference; lastKnownFileType = sourcecode.swift; path = TaskRepositoryProtocol.swift; sourceTree = "<group>"; };
		3BCC3E082DCB2225005D9625 /* FetchTasksUseCase.swift */ = {isa = PBXFileReference; lastKnownFileType = sourcecode.swift; path = FetchTasksUseCase.swift; sourceTree = "<group>"; };
		3BCC3E0A2DCB2237005D9625 /* AddTaskUseCase.swift */ = {isa = PBXFileReference; lastKnownFileType = sourcecode.swift; path = AddTaskUseCase.swift; sourceTree = "<group>"; };
		3BCC3E0C2DCB2246005D9625 /* CompleteTaskUseCase.swift */ = {isa = PBXFileReference; lastKnownFileType = sourcecode.swift; path = CompleteTaskUseCase.swift; sourceTree = "<group>"; };
		3BCC62FA2DCD9AAB00F3618C /* TrackingAuthorizationUseCaseMock.swift */ = {isa = PBXFileReference; lastKnownFileType = sourcecode.swift; path = TrackingAuthorizationUseCaseMock.swift; sourceTree = "<group>"; };
		3BCC62FC2DCD9AD800F3618C /* TrackingAuthorizationViewModelTests.swift */ = {isa = PBXFileReference; lastKnownFileType = sourcecode.swift; path = TrackingAuthorizationViewModelTests.swift; sourceTree = "<group>"; };
		3BCC62FE2DCDC86600F3618C /* CompletedTasksViewModel.swift */ = {isa = PBXFileReference; lastKnownFileType = sourcecode.swift; path = CompletedTasksViewModel.swift; sourceTree = "<group>"; };
		3BCC63002DCDC87E00F3618C /* CompletedTasksView.swift */ = {isa = PBXFileReference; lastKnownFileType = sourcecode.swift; path = CompletedTasksView.swift; sourceTree = "<group>"; };
		3BCC63022DCDCC2600F3618C /* CompletedTasksUseCaseProtocol.swift */ = {isa = PBXFileReference; lastKnownFileType = sourcecode.swift; path = CompletedTasksUseCaseProtocol.swift; sourceTree = "<group>"; };
		3BCC63042DCDCC4100F3618C /* CompletedTasksUseCase.swift */ = {isa = PBXFileReference; lastKnownFileType = sourcecode.swift; path = CompletedTasksUseCase.swift; sourceTree = "<group>"; };
		3BCC630A2DCDFA4B00F3618C /* TodoListView.swift */ = {isa = PBXFileReference; lastKnownFileType = sourcecode.swift; path = TodoListView.swift; sourceTree = "<group>"; };
		3BE503F62DCB274000F28B4C /* DeleteTaskUseCase.swift */ = {isa = PBXFileReference; lastKnownFileType = sourcecode.swift; path = DeleteTaskUseCase.swift; sourceTree = "<group>"; };
		3BE7E2D02DCD141800B33435 /* CreateOrUpdateUserUseCaseTests.swift */ = {isa = PBXFileReference; lastKnownFileType = sourcecode.swift; path = CreateOrUpdateUserUseCaseTests.swift; sourceTree = "<group>"; };
		3BE7E2D62DCD98E400B33435 /* TrackingAuthorizationViewModel.swift */ = {isa = PBXFileReference; lastKnownFileType = sourcecode.swift; path = TrackingAuthorizationViewModel.swift; sourceTree = "<group>"; };
		3BE7E2D82DCD992A00B33435 /* TrackingAuthorizationUseCase.swift */ = {isa = PBXFileReference; lastKnownFileType = sourcecode.swift; path = TrackingAuthorizationUseCase.swift; sourceTree = "<group>"; };
		3BE7E2DA2DCD994200B33435 /* TrackingAuthorizationUseCaseProtocol.swift */ = {isa = PBXFileReference; lastKnownFileType = sourcecode.swift; path = TrackingAuthorizationUseCaseProtocol.swift; sourceTree = "<group>"; };
		3BFD04C02DCB769600F11E5A /* FirebaseAuthService.swift */ = {isa = PBXFileReference; lastKnownFileType = sourcecode.swift; path = FirebaseAuthService.swift; sourceTree = "<group>"; };
		3BFD04C22DCB874C00F11E5A /* GroupRepository.swift */ = {isa = PBXFileReference; lastKnownFileType = sourcecode.swift; path = GroupRepository.swift; sourceTree = "<group>"; };
/* End PBXFileReference section */

/* Begin PBXFrameworksBuildPhase section */
		3B4B6CEA2DCB57BA00396587 /* Frameworks */ = {
			isa = PBXFrameworksBuildPhase;
			buildActionMask = 2147483647;
			files = (
			);
			runOnlyForDeploymentPostprocessing = 0;
		};
		3B7EB25B2C78715C001A87C1 /* Frameworks */ = {
			isa = PBXFrameworksBuildPhase;
			buildActionMask = 2147483647;
			files = (
				3B2DF3E22C78755D00541D3E /* FirebaseAuth in Frameworks */,
				3B2DF3E42C78756A00541D3E /* FirebaseStorage in Frameworks */,
				3B2DF3E62C78757100541D3E /* FirebaseFirestore in Frameworks */,
			);
			runOnlyForDeploymentPostprocessing = 0;
		};
/* End PBXFrameworksBuildPhase section */

/* Begin PBXGroup section */
		3B04C5DA2DCB282D00E7C7D2 /* Entitiy */ = {
			isa = PBXGroup;
			children = (
				3B4B6D002DCB73E600396587 /* Task */,
			);
			path = Entitiy;
			sourceTree = "<group>";
		};
		3B2B5D462DCD1072005EADC4 /* Service */ = {
			isa = PBXGroup;
			children = (
				3BFD04C02DCB769600F11E5A /* FirebaseAuthService.swift */,
			);
			path = Service;
			sourceTree = "<group>";
		};
		3B2DF3E02C78755D00541D3E /* Frameworks */ = {
			isa = PBXGroup;
			children = (
			);
			name = Frameworks;
			sourceTree = "<group>";
		};
		3B4B6CEE2DCB57BA00396587 /* PeopleTodoTests */ = {
			isa = PBXGroup;
			children = (
				3B4B6CF72DCB690C00396587 /* UseCase */,
				3B4B6CF62DCB690100396587 /* Mock */,
			);
			path = PeopleTodoTests;
			sourceTree = "<group>";
		};
		3B4B6CF62DCB690100396587 /* Mock */ = {
			isa = PBXGroup;
			children = (
				3BCC62FA2DCD9AAB00F3618C /* TrackingAuthorizationUseCaseMock.swift */,
				3B8785192DCD057E004C8D77 /* Group */,
				3B8785152DCD042E004C8D77 /* Task */,
			);
			path = Mock;
			sourceTree = "<group>";
		};
		3B4B6CF72DCB690C00396587 /* UseCase */ = {
			isa = PBXGroup;
			children = (
				3B8785162DCD0436004C8D77 /* Group */,
				3B8785142DCD0424004C8D77 /* Task */,
			);
			path = UseCase;
			sourceTree = "<group>";
		};
		3B4B6CFC2DCB719800396587 /* Presentation */ = {
			isa = PBXGroup;
			children = (
				3B4B6CFE2DCB71AF00396587 /* View */,
				3B4B6CFD2DCB71A500396587 /* ViewModel */,
			);
			path = Presentation;
			sourceTree = "<group>";
		};
		3B4B6CFD2DCB71A500396587 /* ViewModel */ = {
			isa = PBXGroup;
			children = (
				3B87850A2DCCF595004C8D77 /* AuthViewModel.swift */,
				3B2DF3F82C7896ED00541D3E /* TodoListViewModel.swift */,
				3BE7E2D62DCD98E400B33435 /* TrackingAuthorizationViewModel.swift */,
				3BCC62FE2DCDC86600F3618C /* CompletedTasksViewModel.swift */,
			);
			path = ViewModel;
			sourceTree = "<group>";
		};
		3B4B6CFE2DCB71AF00396587 /* View */ = {
			isa = PBXGroup;
			children = (
				3B2DF3FC2C7897F900541D3E /* MainView.swift */,
				3B7EB2632C78715C001A87C1 /* ContentView.swift */,
				3B87850C2DCCF955004C8D77 /* AuthenticationView.swift */,
				3BCC63002DCDC87E00F3618C /* CompletedTasksView.swift */,
				3BCC630A2DCDFA4B00F3618C /* TodoListView.swift */,
			);
			path = View;
			sourceTree = "<group>";
		};
		3B4B6CFF2DCB73BB00396587 /* Task */ = {
			isa = PBXGroup;
			children = (
				3BE503F62DCB274000F28B4C /* DeleteTaskUseCase.swift */,
				3BCC3E0C2DCB2246005D9625 /* CompleteTaskUseCase.swift */,
				3BCC3E0A2DCB2237005D9625 /* AddTaskUseCase.swift */,
				3BCC3E082DCB2225005D9625 /* FetchTasksUseCase.swift */,
			);
			path = Task;
			sourceTree = "<group>";
		};
		3B4B6D002DCB73E600396587 /* Task */ = {
			isa = PBXGroup;
			children = (
				3B04C5DF2DCB293000E7C7D2 /* TaskDTO.swift */,
				3B04C5DD2DCB289400E7C7D2 /* TaskEntity.swift */,
			);
			path = Task;
			sourceTree = "<group>";
		};
		3B7EB2552C78715C001A87C1 = {
			isa = PBXGroup;
			children = (
				3B4C60A52C82CA21006219DB /* PeopleTodo.entitlements */,
				3B2DF3FE2C79BC7C00541D3E /* PeopleTodo-Info.plist */,
				3B7EB2732C78732A001A87C1 /* GoogleService-Info.plist */,
				3B7EB2602C78715C001A87C1 /* 2PeopleTodo */,
				3B7EB2652C78715E001A87C1 /* Assets.xcassets */,
				3B4B6CEE2DCB57BA00396587 /* PeopleTodoTests */,
				3B7EB25F2C78715C001A87C1 /* Products */,
				3B2DF3E02C78755D00541D3E /* Frameworks */,
			);
			sourceTree = "<group>";
		};
		3B7EB25F2C78715C001A87C1 /* Products */ = {
			isa = PBXGroup;
			children = (
				3B7EB25E2C78715C001A87C1 /* PeopleTodo.app */,
				3B4B6CED2DCB57BA00396587 /* PeopleTodoTests.xctest */,
			);
			name = Products;
			sourceTree = "<group>";
		};
		3B7EB2602C78715C001A87C1 /* 2PeopleTodo */ = {
			isa = PBXGroup;
			children = (
				3B7EB2612C78715C001A87C1 /* _PeopleTodoApp.swift */,
				3B2B5D462DCD1072005EADC4 /* Service */,
				3BCC3E012DCA38ED005D9625 /* UseCase */,
				3B04C5DA2DCB282D00E7C7D2 /* Entitiy */,
				3BCC3E002DCA38E5005D9625 /* Repository */,
				3BCC3E0E2DCB2352005D9625 /* Protocol */,
				3B4B6CFC2DCB719800396587 /* Presentation */,
				3B7EB2672C78715E001A87C1 /* Preview Content */,
			);
			path = 2PeopleTodo;
			sourceTree = "<group>";
		};
		3B7EB2672C78715E001A87C1 /* Preview Content */ = {
			isa = PBXGroup;
			children = (
				3B7EB2682C78715E001A87C1 /* Preview Assets.xcassets */,
			);
			path = "Preview Content";
			sourceTree = "<group>";
		};
		3B8785042DCCEF9E004C8D77 /* Auth */ = {
			isa = PBXGroup;
			children = (
				3BE7E2D82DCD992A00B33435 /* TrackingAuthorizationUseCase.swift */,
				3B8785122DCD0110004C8D77 /* CheckUserExistsUseCase.swift */,
				3B8785062DCCEFBA004C8D77 /* SignInAnonymouslyUseCase.swift */,
			);
			path = Auth;
			sourceTree = "<group>";
		};
		3B8785142DCD0424004C8D77 /* Task */ = {
			isa = PBXGroup;
			children = (
				3B4B6CFA2DCB6C9400396587 /* CompleteTaskUseCaseTests.swift */,
				3B4B6CEF2DCB57BA00396587 /* AddTaskUseCaseTests.swift */,
				3BCC62FC2DCD9AD800F3618C /* TrackingAuthorizationViewModelTests.swift */,
			);
			path = Task;
			sourceTree = "<group>";
		};
		3B8785152DCD042E004C8D77 /* Task */ = {
			isa = PBXGroup;
			children = (
				3B4B6CF82DCB693000396587 /* TaskRepositoryMock.swift */,
			);
			path = Task;
			sourceTree = "<group>";
		};
		3B8785162DCD0436004C8D77 /* Group */ = {
			isa = PBXGroup;
			children = (
				3B2B5D472DCD1362005EADC4 /* AddUserToGroupUseCaseTests.swift */,
				3BE7E2D02DCD141800B33435 /* CreateOrUpdateUserUseCaseTests.swift */,
			);
			path = Group;
			sourceTree = "<group>";
		};
		3B8785192DCD057E004C8D77 /* Group */ = {
			isa = PBXGroup;
			children = (
				3B87851A2DCD0594004C8D77 /* GroupRepositoryMock.swift */,
			);
			path = Group;
			sourceTree = "<group>";
		};
		3B87851E2DCD095E004C8D77 /* Group */ = {
			isa = PBXGroup;
			children = (
				3B8785082DCCF01B004C8D77 /* JoinOrCreateGroupUseCase.swift */,
				3B87851F2DCD0976004C8D77 /* AddUserToGroupUseCase.swift */,
				3B2B5D442DCD0C18005EADC4 /* CreateOrUpdateUserUseCase.swift */,
			);
			path = Group;
			sourceTree = "<group>";
		};
		3BCC3E002DCA38E5005D9625 /* Repository */ = {
			isa = PBXGroup;
			children = (
				3BCC3E032DCA3BB4005D9625 /* TaskRepository.swift */,
				3BFD04C22DCB874C00F11E5A /* GroupRepository.swift */,
			);
			path = Repository;
			sourceTree = "<group>";
		};
		3BCC3E012DCA38ED005D9625 /* UseCase */ = {
			isa = PBXGroup;
			children = (
				3B87851E2DCD095E004C8D77 /* Group */,
				3B8785042DCCEF9E004C8D77 /* Auth */,
				3B4B6CFF2DCB73BB00396587 /* Task */,
				3BCC63042DCDCC4100F3618C /* CompletedTasksUseCase.swift */,
			);
			path = UseCase;
			sourceTree = "<group>";
		};
		3BCC3E0E2DCB2352005D9625 /* Protocol */ = {
			isa = PBXGroup;
			children = (
				3BCC3E052DCA3FE6005D9625 /* TaskRepositoryProtocol.swift */,
				3B87850F2DCCFF9A004C8D77 /* GroupRepositoryProtocol.swift */,
				3BE7E2DA2DCD994200B33435 /* TrackingAuthorizationUseCaseProtocol.swift */,
				3BCC63022DCDCC2600F3618C /* CompletedTasksUseCaseProtocol.swift */,
			);
			path = Protocol;
			sourceTree = "<group>";
		};
/* End PBXGroup section */

/* Begin PBXNativeTarget section */
		3B4B6CEC2DCB57BA00396587 /* PeopleTodoTests */ = {
			isa = PBXNativeTarget;
			buildConfigurationList = 3B4B6CF52DCB57BA00396587 /* Build configuration list for PBXNativeTarget "PeopleTodoTests" */;
			buildPhases = (
				3B4B6CE92DCB57BA00396587 /* Sources */,
				3B4B6CEA2DCB57BA00396587 /* Frameworks */,
				3B4B6CEB2DCB57BA00396587 /* Resources */,
			);
			buildRules = (
			);
			dependencies = (
				3B4B6CF22DCB57BA00396587 /* PBXTargetDependency */,
			);
			name = PeopleTodoTests;
			productName = PeopleTodoTests;
			productReference = 3B4B6CED2DCB57BA00396587 /* PeopleTodoTests.xctest */;
			productType = "com.apple.product-type.bundle.unit-test";
		};
		3B7EB25D2C78715C001A87C1 /* PeopleTodo */ = {
			isa = PBXNativeTarget;
			buildConfigurationList = 3B7EB26C2C78715E001A87C1 /* Build configuration list for PBXNativeTarget "PeopleTodo" */;
			buildPhases = (
				3B7EB25A2C78715C001A87C1 /* Sources */,
				3B7EB25B2C78715C001A87C1 /* Frameworks */,
				3B7EB25C2C78715C001A87C1 /* Resources */,
			);
			buildRules = (
			);
			dependencies = (
			);
			name = PeopleTodo;
			packageProductDependencies = (
				3B2DF3E12C78755D00541D3E /* FirebaseAuth */,
				3B2DF3E32C78756A00541D3E /* FirebaseStorage */,
				3B2DF3E52C78757100541D3E /* FirebaseFirestore */,
			);
			productName = 2PeopleTodo;
			productReference = 3B7EB25E2C78715C001A87C1 /* PeopleTodo.app */;
			productType = "com.apple.product-type.application";
		};
/* End PBXNativeTarget section */

/* Begin PBXProject section */
		3B7EB2562C78715C001A87C1 /* Project object */ = {
			isa = PBXProject;
			attributes = {
				BuildIndependentTargetsInParallel = 1;
				LastSwiftUpdateCheck = 1540;
				LastUpgradeCheck = 1530;
				TargetAttributes = {
					3B4B6CEC2DCB57BA00396587 = {
						CreatedOnToolsVersion = 15.4;
						TestTargetID = 3B7EB25D2C78715C001A87C1;
					};
					3B7EB25D2C78715C001A87C1 = {
						CreatedOnToolsVersion = 15.3;
					};
				};
			};
			buildConfigurationList = 3B7EB2592C78715C001A87C1 /* Build configuration list for PBXProject "PeopleTodo" */;
			compatibilityVersion = "Xcode 14.0";
			developmentRegion = en;
			hasScannedForEncodings = 0;
			knownRegions = (
				en,
				Base,
			);
			mainGroup = 3B7EB2552C78715C001A87C1;
			packageReferences = (
				3B7EB2722C787256001A87C1 /* XCRemoteSwiftPackageReference "firebase-ios-sdk" */,
			);
			productRefGroup = 3B7EB25F2C78715C001A87C1 /* Products */;
			projectDirPath = "";
			projectRoot = "";
			targets = (
				3B7EB25D2C78715C001A87C1 /* PeopleTodo */,
				3B4B6CEC2DCB57BA00396587 /* PeopleTodoTests */,
			);
		};
/* End PBXProject section */

/* Begin PBXResourcesBuildPhase section */
		3B4B6CEB2DCB57BA00396587 /* Resources */ = {
			isa = PBXResourcesBuildPhase;
			buildActionMask = 2147483647;
			files = (
			);
			runOnlyForDeploymentPostprocessing = 0;
		};
		3B7EB25C2C78715C001A87C1 /* Resources */ = {
			isa = PBXResourcesBuildPhase;
			buildActionMask = 2147483647;
			files = (
				3B7EB2692C78715E001A87C1 /* Preview Assets.xcassets in Resources */,
				3B7EB2662C78715E001A87C1 /* Assets.xcassets in Resources */,
				3B7EB2742C78732A001A87C1 /* GoogleService-Info.plist in Resources */,
			);
			runOnlyForDeploymentPostprocessing = 0;
		};
/* End PBXResourcesBuildPhase section */

/* Begin PBXSourcesBuildPhase section */
		3B4B6CE92DCB57BA00396587 /* Sources */ = {
			isa = PBXSourcesBuildPhase;
			buildActionMask = 2147483647;
			files = (
				3B4B6CF92DCB693000396587 /* TaskRepositoryMock.swift in Sources */,
				3B87851B2DCD0594004C8D77 /* GroupRepositoryMock.swift in Sources */,
				3B2B5D482DCD1362005EADC4 /* AddUserToGroupUseCaseTests.swift in Sources */,
				3B4B6CF02DCB57BA00396587 /* AddTaskUseCaseTests.swift in Sources */,
				3BE7E2D12DCD141800B33435 /* CreateOrUpdateUserUseCaseTests.swift in Sources */,
				3B4B6CFB2DCB6C9400396587 /* CompleteTaskUseCaseTests.swift in Sources */,
				3BCC62FB2DCD9AAB00F3618C /* TrackingAuthorizationUseCaseMock.swift in Sources */,
				3BCC62FD2DCD9AD900F3618C /* TrackingAuthorizationViewModelTests.swift in Sources */,
			);
			runOnlyForDeploymentPostprocessing = 0;
		};
		3B7EB25A2C78715C001A87C1 /* Sources */ = {
			isa = PBXSourcesBuildPhase;
			buildActionMask = 2147483647;
			files = (
				3B04C5DE2DCB289400E7C7D2 /* TaskEntity.swift in Sources */,
				3BCC63062DCDCC8500F3618C /* CompletedTasksUseCase.swift in Sources */,
				3B04C5E02DCB293000E7C7D2 /* TaskDTO.swift in Sources */,
				3BFD04C32DCB874C00F11E5A /* GroupRepository.swift in Sources */,
				3B2DF3F92C7896ED00541D3E /* TodoListViewModel.swift in Sources */,
				3B7EB2642C78715C001A87C1 /* ContentView.swift in Sources */,
				3BCC63082DCDCC8C00F3618C /* CompletedTasksView.swift in Sources */,
				3BCC3E0B2DCB2237005D9625 /* AddTaskUseCase.swift in Sources */,
				3BE7E2D72DCD98E400B33435 /* TrackingAuthorizationViewModel.swift in Sources */,
				3B2DF3FD2C7897F900541D3E /* MainView.swift in Sources */,
				3B2B5D452DCD0C18005EADC4 /* CreateOrUpdateUserUseCase.swift in Sources */,
				3BCC3E062DCA3FE6005D9625 /* TaskRepositoryProtocol.swift in Sources */,
				3B8785132DCD0110004C8D77 /* CheckUserExistsUseCase.swift in Sources */,
				3B8785072DCCEFBA004C8D77 /* SignInAnonymouslyUseCase.swift in Sources */,
				3B2B5D432DCD0BB5005EADC4 /* AddUserToGroupUseCase.swift in Sources */,
				3BCC3E0D2DCB2246005D9625 /* CompleteTaskUseCase.swift in Sources */,
				3BCC63092DCDCC9000F3618C /* CompletedTasksViewModel.swift in Sources */,
				3BFD04C12DCB769600F11E5A /* FirebaseAuthService.swift in Sources */,
				3BE503F72DCB274000F28B4C /* DeleteTaskUseCase.swift in Sources */,
				3BE7E2DB2DCD994200B33435 /* TrackingAuthorizationUseCaseProtocol.swift in Sources */,
				3BCC3E092DCB2225005D9625 /* FetchTasksUseCase.swift in Sources */,
				3B87850B2DCCF595004C8D77 /* AuthViewModel.swift in Sources */,
				3B8785092DCCF01B004C8D77 /* JoinOrCreateGroupUseCase.swift in Sources */,
				3BCC3E042DCA3BB4005D9625 /* TaskRepository.swift in Sources */,
				3BCC630C2DCDFA7000F3618C /* TodoListView.swift in Sources */,
				3B7EB2622C78715C001A87C1 /* _PeopleTodoApp.swift in Sources */,
				3BCC63072DCDCC8900F3618C /* CompletedTasksUseCaseProtocol.swift in Sources */,
				3BE7E2D92DCD992A00B33435 /* TrackingAuthorizationUseCase.swift in Sources */,
				3B87850D2DCCF955004C8D77 /* AuthenticationView.swift in Sources */,
				3B8785102DCCFF9A004C8D77 /* GroupRepositoryProtocol.swift in Sources */,
			);
			runOnlyForDeploymentPostprocessing = 0;
		};
/* End PBXSourcesBuildPhase section */

/* Begin PBXTargetDependency section */
		3B4B6CF22DCB57BA00396587 /* PBXTargetDependency */ = {
			isa = PBXTargetDependency;
			target = 3B7EB25D2C78715C001A87C1 /* PeopleTodo */;
			targetProxy = 3B4B6CF12DCB57BA00396587 /* PBXContainerItemProxy */;
		};
/* End PBXTargetDependency section */

/* Begin XCBuildConfiguration section */
		3B4B6CF32DCB57BA00396587 /* Debug */ = {
			isa = XCBuildConfiguration;
			buildSettings = {
				BUNDLE_LOADER = "$(TEST_HOST)";
				CODE_SIGN_STYLE = Automatic;
				CURRENT_PROJECT_VERSION = 1;
				DEVELOPMENT_TEAM = 922N7TF68N;
				GENERATE_INFOPLIST_FILE = YES;
				IPHONEOS_DEPLOYMENT_TARGET = 17.5;
				MARKETING_VERSION = 1.0;
				PRODUCT_BUNDLE_IDENTIFIER = erichan.PeopleTodoTests;
				PRODUCT_NAME = "$(TARGET_NAME)";
				SWIFT_EMIT_LOC_STRINGS = NO;
				SWIFT_VERSION = 5.0;
				TARGETED_DEVICE_FAMILY = "1,2";
				TEST_HOST = "$(BUILT_PRODUCTS_DIR)/PeopleTodo.app/$(BUNDLE_EXECUTABLE_FOLDER_PATH)/PeopleTodo";
			};
			name = Debug;
		};
		3B4B6CF42DCB57BA00396587 /* Release */ = {
			isa = XCBuildConfiguration;
			buildSettings = {
				BUNDLE_LOADER = "$(TEST_HOST)";
				CODE_SIGN_STYLE = Automatic;
				CURRENT_PROJECT_VERSION = 1;
				DEVELOPMENT_TEAM = 922N7TF68N;
				GENERATE_INFOPLIST_FILE = YES;
				IPHONEOS_DEPLOYMENT_TARGET = 17.5;
				MARKETING_VERSION = 1.0;
				PRODUCT_BUNDLE_IDENTIFIER = erichan.PeopleTodoTests;
				PRODUCT_NAME = "$(TARGET_NAME)";
				SWIFT_EMIT_LOC_STRINGS = NO;
				SWIFT_VERSION = 5.0;
				TARGETED_DEVICE_FAMILY = "1,2";
				TEST_HOST = "$(BUILT_PRODUCTS_DIR)/PeopleTodo.app/$(BUNDLE_EXECUTABLE_FOLDER_PATH)/PeopleTodo";
			};
			name = Release;
		};
		3B7EB26A2C78715E001A87C1 /* Debug */ = {
			isa = XCBuildConfiguration;
			buildSettings = {
				ALWAYS_SEARCH_USER_PATHS = NO;
				ASSETCATALOG_COMPILER_GENERATE_SWIFT_ASSET_SYMBOL_EXTENSIONS = YES;
				CLANG_ANALYZER_NONNULL = YES;
				CLANG_ANALYZER_NUMBER_OBJECT_CONVERSION = YES_AGGRESSIVE;
				CLANG_CXX_LANGUAGE_STANDARD = "gnu++20";
				CLANG_ENABLE_MODULES = YES;
				CLANG_ENABLE_OBJC_ARC = YES;
				CLANG_ENABLE_OBJC_WEAK = YES;
				CLANG_WARN_BLOCK_CAPTURE_AUTORELEASING = YES;
				CLANG_WARN_BOOL_CONVERSION = YES;
				CLANG_WARN_COMMA = YES;
				CLANG_WARN_CONSTANT_CONVERSION = YES;
				CLANG_WARN_DEPRECATED_OBJC_IMPLEMENTATIONS = YES;
				CLANG_WARN_DIRECT_OBJC_ISA_USAGE = YES_ERROR;
				CLANG_WARN_DOCUMENTATION_COMMENTS = YES;
				CLANG_WARN_EMPTY_BODY = YES;
				CLANG_WARN_ENUM_CONVERSION = YES;
				CLANG_WARN_INFINITE_RECURSION = YES;
				CLANG_WARN_INT_CONVERSION = YES;
				CLANG_WARN_NON_LITERAL_NULL_CONVERSION = YES;
				CLANG_WARN_OBJC_IMPLICIT_RETAIN_SELF = YES;
				CLANG_WARN_OBJC_LITERAL_CONVERSION = YES;
				CLANG_WARN_OBJC_ROOT_CLASS = YES_ERROR;
				CLANG_WARN_QUOTED_INCLUDE_IN_FRAMEWORK_HEADER = YES;
				CLANG_WARN_RANGE_LOOP_ANALYSIS = YES;
				CLANG_WARN_STRICT_PROTOTYPES = YES;
				CLANG_WARN_SUSPICIOUS_MOVE = YES;
				CLANG_WARN_UNGUARDED_AVAILABILITY = YES_AGGRESSIVE;
				CLANG_WARN_UNREACHABLE_CODE = YES;
				CLANG_WARN__DUPLICATE_METHOD_MATCH = YES;
				COPY_PHASE_STRIP = NO;
				DEBUG_INFORMATION_FORMAT = dwarf;
				ENABLE_STRICT_OBJC_MSGSEND = YES;
				ENABLE_TESTABILITY = YES;
				ENABLE_USER_SCRIPT_SANDBOXING = YES;
				GCC_C_LANGUAGE_STANDARD = gnu17;
				GCC_DYNAMIC_NO_PIC = NO;
				GCC_NO_COMMON_BLOCKS = YES;
				GCC_OPTIMIZATION_LEVEL = 0;
				GCC_PREPROCESSOR_DEFINITIONS = (
					"DEBUG=1",
					"$(inherited)",
				);
				GCC_WARN_64_TO_32_BIT_CONVERSION = YES;
				GCC_WARN_ABOUT_RETURN_TYPE = YES_ERROR;
				GCC_WARN_UNDECLARED_SELECTOR = YES;
				GCC_WARN_UNINITIALIZED_AUTOS = YES_AGGRESSIVE;
				GCC_WARN_UNUSED_FUNCTION = YES;
				GCC_WARN_UNUSED_VARIABLE = YES;
				IPHONEOS_DEPLOYMENT_TARGET = 17.4;
				LOCALIZATION_PREFERS_STRING_CATALOGS = YES;
				MTL_ENABLE_DEBUG_INFO = INCLUDE_SOURCE;
				MTL_FAST_MATH = YES;
				ONLY_ACTIVE_ARCH = YES;
				SDKROOT = iphoneos;
				SWIFT_ACTIVE_COMPILATION_CONDITIONS = "DEBUG $(inherited)";
				SWIFT_OPTIMIZATION_LEVEL = "-Onone";
			};
			name = Debug;
		};
		3B7EB26B2C78715E001A87C1 /* Release */ = {
			isa = XCBuildConfiguration;
			buildSettings = {
				ALWAYS_SEARCH_USER_PATHS = NO;
				ASSETCATALOG_COMPILER_GENERATE_SWIFT_ASSET_SYMBOL_EXTENSIONS = YES;
				CLANG_ANALYZER_NONNULL = YES;
				CLANG_ANALYZER_NUMBER_OBJECT_CONVERSION = YES_AGGRESSIVE;
				CLANG_CXX_LANGUAGE_STANDARD = "gnu++20";
				CLANG_ENABLE_MODULES = YES;
				CLANG_ENABLE_OBJC_ARC = YES;
				CLANG_ENABLE_OBJC_WEAK = YES;
				CLANG_WARN_BLOCK_CAPTURE_AUTORELEASING = YES;
				CLANG_WARN_BOOL_CONVERSION = YES;
				CLANG_WARN_COMMA = YES;
				CLANG_WARN_CONSTANT_CONVERSION = YES;
				CLANG_WARN_DEPRECATED_OBJC_IMPLEMENTATIONS = YES;
				CLANG_WARN_DIRECT_OBJC_ISA_USAGE = YES_ERROR;
				CLANG_WARN_DOCUMENTATION_COMMENTS = YES;
				CLANG_WARN_EMPTY_BODY = YES;
				CLANG_WARN_ENUM_CONVERSION = YES;
				CLANG_WARN_INFINITE_RECURSION = YES;
				CLANG_WARN_INT_CONVERSION = YES;
				CLANG_WARN_NON_LITERAL_NULL_CONVERSION = YES;
				CLANG_WARN_OBJC_IMPLICIT_RETAIN_SELF = YES;
				CLANG_WARN_OBJC_LITERAL_CONVERSION = YES;
				CLANG_WARN_OBJC_ROOT_CLASS = YES_ERROR;
				CLANG_WARN_QUOTED_INCLUDE_IN_FRAMEWORK_HEADER = YES;
				CLANG_WARN_RANGE_LOOP_ANALYSIS = YES;
				CLANG_WARN_STRICT_PROTOTYPES = YES;
				CLANG_WARN_SUSPICIOUS_MOVE = YES;
				CLANG_WARN_UNGUARDED_AVAILABILITY = YES_AGGRESSIVE;
				CLANG_WARN_UNREACHABLE_CODE = YES;
				CLANG_WARN__DUPLICATE_METHOD_MATCH = YES;
				COPY_PHASE_STRIP = NO;
				DEBUG_INFORMATION_FORMAT = "dwarf-with-dsym";
				ENABLE_NS_ASSERTIONS = NO;
				ENABLE_STRICT_OBJC_MSGSEND = YES;
				ENABLE_USER_SCRIPT_SANDBOXING = YES;
				GCC_C_LANGUAGE_STANDARD = gnu17;
				GCC_NO_COMMON_BLOCKS = YES;
				GCC_WARN_64_TO_32_BIT_CONVERSION = YES;
				GCC_WARN_ABOUT_RETURN_TYPE = YES_ERROR;
				GCC_WARN_UNDECLARED_SELECTOR = YES;
				GCC_WARN_UNINITIALIZED_AUTOS = YES_AGGRESSIVE;
				GCC_WARN_UNUSED_FUNCTION = YES;
				GCC_WARN_UNUSED_VARIABLE = YES;
				IPHONEOS_DEPLOYMENT_TARGET = 17.4;
				LOCALIZATION_PREFERS_STRING_CATALOGS = YES;
				MTL_ENABLE_DEBUG_INFO = NO;
				MTL_FAST_MATH = YES;
				SDKROOT = iphoneos;
				SWIFT_COMPILATION_MODE = wholemodule;
				VALIDATE_PRODUCT = YES;
			};
			name = Release;
		};
		3B7EB26D2C78715E001A87C1 /* Debug */ = {
			isa = XCBuildConfiguration;
			buildSettings = {
				ASSETCATALOG_COMPILER_APPICON_NAME = AppIcon;
				ASSETCATALOG_COMPILER_GLOBAL_ACCENT_COLOR_NAME = AccentColor;
				CODE_SIGN_ENTITLEMENTS = PeopleTodo.entitlements;
				CODE_SIGN_STYLE = Automatic;
				CURRENT_PROJECT_VERSION = 1;
				DEVELOPMENT_ASSET_PATHS = "\"2PeopleTodo/Preview Content\"";
				DEVELOPMENT_TEAM = 922N7TF68N;
				ENABLE_PREVIEWS = YES;
				GENERATE_INFOPLIST_FILE = YES;
				INFOPLIST_FILE = "PeopleTodo-Info.plist";
				INFOPLIST_KEY_NSUserTrackingUsageDescription = "このアプリは、ユーザー体験の向上とアプリ内でのあなたの情報の安全な管理のために、トラッキング情報を使用します";
				INFOPLIST_KEY_UIApplicationSceneManifest_Generation = YES;
				INFOPLIST_KEY_UIApplicationSupportsIndirectInputEvents = YES;
				INFOPLIST_KEY_UILaunchScreen_Generation = YES;
				INFOPLIST_KEY_UISupportedInterfaceOrientations_iPad = "UIInterfaceOrientationPortrait UIInterfaceOrientationPortraitUpsideDown UIInterfaceOrientationLandscapeLeft UIInterfaceOrientationLandscapeRight";
				INFOPLIST_KEY_UISupportedInterfaceOrientations_iPhone = "UIInterfaceOrientationPortrait UIInterfaceOrientationLandscapeLeft UIInterfaceOrientationLandscapeRight";
				IPHONEOS_DEPLOYMENT_TARGET = 15.0;
				LD_RUNPATH_SEARCH_PATHS = (
					"$(inherited)",
					"@executable_path/Frameworks",
				);
				MARKETING_VERSION = 1.1;
				PRODUCT_BUNDLE_IDENTIFIER = "com.Sorehasou.-PeopleTodo";
				PRODUCT_NAME = "$(TARGET_NAME)";
				SUPPORTED_PLATFORMS = "iphoneos iphonesimulator";
				SUPPORTS_MACCATALYST = NO;
				SUPPORTS_MAC_DESIGNED_FOR_IPHONE_IPAD = NO;
				SUPPORTS_XR_DESIGNED_FOR_IPHONE_IPAD = NO;
				SWIFT_EMIT_LOC_STRINGS = YES;
				SWIFT_VERSION = 5.0;
				TARGETED_DEVICE_FAMILY = 1;
			};
			name = Debug;
		};
		3B7EB26E2C78715E001A87C1 /* Release */ = {
			isa = XCBuildConfiguration;
			buildSettings = {
				ASSETCATALOG_COMPILER_APPICON_NAME = AppIcon;
				ASSETCATALOG_COMPILER_GLOBAL_ACCENT_COLOR_NAME = AccentColor;
				CODE_SIGN_ENTITLEMENTS = PeopleTodo.entitlements;
				CODE_SIGN_STYLE = Automatic;
				CURRENT_PROJECT_VERSION = 1;
				DEVELOPMENT_ASSET_PATHS = "\"2PeopleTodo/Preview Content\"";
				DEVELOPMENT_TEAM = 922N7TF68N;
				ENABLE_PREVIEWS = YES;
				GENERATE_INFOPLIST_FILE = YES;
				INFOPLIST_FILE = "PeopleTodo-Info.plist";
				INFOPLIST_KEY_NSUserTrackingUsageDescription = "このアプリは、ユーザー体験の向上とアプリ内でのあなたの情報の安全な管理のために、トラッキング情報を使用します";
				INFOPLIST_KEY_UIApplicationSceneManifest_Generation = YES;
				INFOPLIST_KEY_UIApplicationSupportsIndirectInputEvents = YES;
				INFOPLIST_KEY_UILaunchScreen_Generation = YES;
				INFOPLIST_KEY_UISupportedInterfaceOrientations_iPad = "UIInterfaceOrientationPortrait UIInterfaceOrientationPortraitUpsideDown UIInterfaceOrientationLandscapeLeft UIInterfaceOrientationLandscapeRight";
				INFOPLIST_KEY_UISupportedInterfaceOrientations_iPhone = "UIInterfaceOrientationPortrait UIInterfaceOrientationLandscapeLeft UIInterfaceOrientationLandscapeRight";
				IPHONEOS_DEPLOYMENT_TARGET = 15.0;
				LD_RUNPATH_SEARCH_PATHS = (
					"$(inherited)",
					"@executable_path/Frameworks",
				);
				MARKETING_VERSION = 1.1;
				PRODUCT_BUNDLE_IDENTIFIER = "com.Sorehasou.-PeopleTodo";
				PRODUCT_NAME = "$(TARGET_NAME)";
				SUPPORTED_PLATFORMS = "iphoneos iphonesimulator";
				SUPPORTS_MACCATALYST = NO;
				SUPPORTS_MAC_DESIGNED_FOR_IPHONE_IPAD = NO;
				SUPPORTS_XR_DESIGNED_FOR_IPHONE_IPAD = NO;
				SWIFT_EMIT_LOC_STRINGS = YES;
				SWIFT_VERSION = 5.0;
				TARGETED_DEVICE_FAMILY = 1;
			};
			name = Release;
		};
/* End XCBuildConfiguration section */

/* Begin XCConfigurationList section */
		3B4B6CF52DCB57BA00396587 /* Build configuration list for PBXNativeTarget "PeopleTodoTests" */ = {
			isa = XCConfigurationList;
			buildConfigurations = (
				3B4B6CF32DCB57BA00396587 /* Debug */,
				3B4B6CF42DCB57BA00396587 /* Release */,
			);
			defaultConfigurationIsVisible = 0;
			defaultConfigurationName = Release;
		};
		3B7EB2592C78715C001A87C1 /* Build configuration list for PBXProject "PeopleTodo" */ = {
			isa = XCConfigurationList;
			buildConfigurations = (
				3B7EB26A2C78715E001A87C1 /* Debug */,
				3B7EB26B2C78715E001A87C1 /* Release */,
			);
			defaultConfigurationIsVisible = 0;
			defaultConfigurationName = Release;
		};
		3B7EB26C2C78715E001A87C1 /* Build configuration list for PBXNativeTarget "PeopleTodo" */ = {
			isa = XCConfigurationList;
			buildConfigurations = (
				3B7EB26D2C78715E001A87C1 /* Debug */,
				3B7EB26E2C78715E001A87C1 /* Release */,
			);
			defaultConfigurationIsVisible = 0;
			defaultConfigurationName = Release;
		};
/* End XCConfigurationList section */

/* Begin XCRemoteSwiftPackageReference section */
		3B7EB2722C787256001A87C1 /* XCRemoteSwiftPackageReference "firebase-ios-sdk" */ = {
			isa = XCRemoteSwiftPackageReference;
			repositoryURL = "https://github.com/firebase/firebase-ios-sdk";
			requirement = {
				kind = upToNextMajorVersion;
				minimumVersion = 11.1.0;
			};
		};
/* End XCRemoteSwiftPackageReference section */

/* Begin XCSwiftPackageProductDependency section */
		3B2DF3E12C78755D00541D3E /* FirebaseAuth */ = {
			isa = XCSwiftPackageProductDependency;
			package = 3B7EB2722C787256001A87C1 /* XCRemoteSwiftPackageReference "firebase-ios-sdk" */;
			productName = FirebaseAuth;
		};
		3B2DF3E32C78756A00541D3E /* FirebaseStorage */ = {
			isa = XCSwiftPackageProductDependency;
			package = 3B7EB2722C787256001A87C1 /* XCRemoteSwiftPackageReference "firebase-ios-sdk" */;
			productName = FirebaseStorage;
		};
		3B2DF3E52C78757100541D3E /* FirebaseFirestore */ = {
			isa = XCSwiftPackageProductDependency;
			package = 3B7EB2722C787256001A87C1 /* XCRemoteSwiftPackageReference "firebase-ios-sdk" */;
			productName = FirebaseFirestore;
		};
/* End XCSwiftPackageProductDependency section */
	};
	rootObject = 3B7EB2562C78715C001A87C1 /* Project object */;
}
